
Microsoft Visual Studio Solution File, Format Version 12.00
# Visual Studio Version 17
VisualStudioVersion = 17.8.34601.278
MinimumVisualStudioVersion = 10.0.40219.1
Project("{FAE04EC0-301F-11D3-BF4B-00C04F79EFBC}") = "PokemonStore", "PokemonStore\PokemonStore\PokemonStore.csproj", "{B0C98496-1AF1-4D1B-8FC5-B388DF5A26C0}"
EndProject
Project("{FAE04EC0-301F-11D3-BF4B-00C04F79EFBC}") = "PokemonStore.Client", "PokemonStore\PokemonStore.Client\PokemonStore.Client.csproj", "{452458C3-0C8A-477E-A051-FB064D630C70}"
EndProject
Global
	GlobalSection(SolutionConfigurationPlatforms) = preSolution
		Debug|Any CPU = Debug|Any CPU
		Release|Any CPU = Release|Any CPU
	EndGlobalSection
	GlobalSection(ProjectConfigurationPlatforms) = postSolution
		{B0C98496-1AF1-4D1B-8FC5-B388DF5A26C0}.Debug|Any CPU.ActiveCfg = Debug|Any CPU
		{B0C98496-1AF1-4D1B-8FC5-B388DF5A26C0}.Debug|Any CPU.Build.0 = Debug|Any CPU
		{B0C98496-1AF1-4D1B-8FC5-B388DF5A26C0}.Release|Any CPU.ActiveCfg = Release|Any CPU
		{B0C98496-1AF1-4D1B-8FC5-B388DF5A26C0}.Release|Any CPU.Build.0 = Release|Any CPU
		{452458C3-0C8A-477E-A051-FB064D630C70}.Debug|Any CPU.ActiveCfg = Debug|Any CPU
		{452458C3-0C8A-477E-A051-FB064D630C70}.Debug|Any CPU.Build.0 = Debug|Any CPU
		{452458C3-0C8A-477E-A051-FB064D630C70}.Release|Any CPU.ActiveCfg = Release|Any CPU
		{452458C3-0C8A-477E-A051-FB064D630C70}.Release|Any CPU.Build.0 = Release|Any CPU
	EndGlobalSection
	GlobalSection(SolutionProperties) = preSolution
		HideSolutionNode = FALSE
	EndGlobalSection
	GlobalSection(ExtensibilityGlobals) = postSolution
		SolutionGuid = {6839465A-9F62-4D0A-9AAF-6476B927B442}
	EndGlobalSection
EndGlobal
